
Microsoft Visual Studio Solution File, Format Version 12.00
# Visual Studio Version 16
VisualStudioVersion = 16.0.32802.440
MinimumVisualStudioVersion = 10.0.40219.1
Project("{FAE04EC0-301F-11D3-BF4B-00C04F79EFBC}") = "WebApplication-MVC-12G", "WebApplication-MVC-12G\WebApplication-MVC-12G.csproj", "{DB5E8957-8452-4854-BCB4-94014C79EF2B}"
EndProject
Global
	GlobalSection(SolutionConfigurationPlatforms) = preSolution
		Debug|Any CPU = Debug|Any CPU
		Release|Any CPU = Release|Any CPU
	EndGlobalSection
	GlobalSection(ProjectConfigurationPlatforms) = postSolution
		{DB5E8957-8452-4854-BCB4-94014C79EF2B}.Debug|Any CPU.ActiveCfg = Debug|Any CPU
		{DB5E8957-8452-4854-BCB4-94014C79EF2B}.Debug|Any CPU.Build.0 = Debug|Any CPU
		{DB5E8957-8452-4854-BCB4-94014C79EF2B}.Release|Any CPU.ActiveCfg = Release|Any CPU
		{DB5E8957-8452-4854-BCB4-94014C79EF2B}.Release|Any CPU.Build.0 = Release|Any CPU
	EndGlobalSection
	GlobalSection(SolutionProperties) = preSolution
		HideSolutionNode = FALSE
	EndGlobalSection
	GlobalSection(ExtensibilityGlobals) = postSolution
		SolutionGuid = {00B0BC47-D13B-42B3-8777-4F43F4213903}
	EndGlobalSection
EndGlobal
